version = 1
revision = 1
requires-python = ">=3.13"

[[package]]
name = "colorama"
version = "0.4.6"
source = { registry = "https://pypi.org/simple" }
sdist = { url = "https://files.pythonhosted.org/packages/d8/53/6f443c9a4a8358a93a6792e2acffb9d9d5cb0a5cfd8802644b7b1c9a02e4/colorama-0.4.6.tar.gz", hash = "sha256:08695f5cb7ed6e0531a20572697297273c47b8cae5a63ffc6d6ed5c201be6e44", size = 27697 }
wheels = [
    { url = "https://files.pythonhosted.org/packages/d1/d6/3965ed04c63042e047cb6a3e6ed1a63a35087b6a609aa3a15ed8ac56c221/colorama-0.4.6-py2.py3-none-any.whl", hash = "sha256:4f1d9991f5acc0ca119f9d443620b77f9d6b33703e51011c16baf57afb285fc6", size = 25335 },
]

[[package]]
name = "coverage"
version = "7.8.2"
source = { registry = "https://pypi.org/simple" }
sdist = { url = "https://files.pythonhosted.org/packages/ba/07/998afa4a0ecdf9b1981ae05415dad2d4e7716e1b1f00abbd91691ac09ac9/coverage-7.8.2.tar.gz", hash = "sha256:a886d531373a1f6ff9fad2a2ba4a045b68467b779ae729ee0b3b10ac20033b27", size = 812759 }
wheels = [
    { url = "https://files.pythonhosted.org/packages/1a/93/eb6400a745ad3b265bac36e8077fdffcf0268bdbbb6c02b7220b624c9b31/coverage-7.8.2-cp313-cp313-macosx_10_13_x86_64.whl", hash = "sha256:ea561010914ec1c26ab4188aef8b1567272ef6de096312716f90e5baa79ef8ca", size = 211898 },
    { url = "https://files.pythonhosted.org/packages/1b/7c/bdbf113f92683024406a1cd226a199e4200a2001fc85d6a6e7e299e60253/coverage-7.8.2-cp313-cp313-macosx_11_0_arm64.whl", hash = "sha256:cb86337a4fcdd0e598ff2caeb513ac604d2f3da6d53df2c8e368e07ee38e277d", size = 212171 },
    { url = "https://files.pythonhosted.org/packages/91/22/594513f9541a6b88eb0dba4d5da7d71596dadef6b17a12dc2c0e859818a9/coverage-7.8.2-cp313-cp313-manylinux_2_17_aarch64.manylinux2014_aarch64.whl", hash = "sha256:26a4636ddb666971345541b59899e969f3b301143dd86b0ddbb570bd591f1e85", size = 245564 },
    { url = "https://files.pythonhosted.org/packages/1f/f4/2860fd6abeebd9f2efcfe0fd376226938f22afc80c1943f363cd3c28421f/coverage-7.8.2-cp313-cp313-manylinux_2_5_i686.manylinux1_i686.manylinux_2_17_i686.manylinux2014_i686.whl", hash = "sha256:5040536cf9b13fb033f76bcb5e1e5cb3b57c4807fef37db9e0ed129c6a094257", size = 242719 },
    { url = "https://files.pythonhosted.org/packages/89/60/f5f50f61b6332451520e6cdc2401700c48310c64bc2dd34027a47d6ab4ca/coverage-7.8.2-cp313-cp313-manylinux_2_5_x86_64.manylinux1_x86_64.manylinux_2_17_x86_64.manylinux2014_x86_64.whl", hash = "sha256:dc67994df9bcd7e0150a47ef41278b9e0a0ea187caba72414b71dc590b99a108", size = 244634 },
    { url = "https://files.pythonhosted.org/packages/3b/70/7f4e919039ab7d944276c446b603eea84da29ebcf20984fb1fdf6e602028/coverage-7.8.2-cp313-cp313-musllinux_1_2_aarch64.whl", hash = "sha256:6e6c86888fd076d9e0fe848af0a2142bf606044dc5ceee0aa9eddb56e26895a0", size = 244824 },
    { url = "https://files.pythonhosted.org/packages/26/45/36297a4c0cea4de2b2c442fe32f60c3991056c59cdc3cdd5346fbb995c97/coverage-7.8.2-cp313-cp313-musllinux_1_2_i686.whl", hash = "sha256:684ca9f58119b8e26bef860db33524ae0365601492e86ba0b71d513f525e7050", size = 242872 },
    { url = "https://files.pythonhosted.org/packages/a4/71/e041f1b9420f7b786b1367fa2a375703889ef376e0d48de9f5723fb35f11/coverage-7.8.2-cp313-cp313-musllinux_1_2_x86_64.whl", hash = "sha256:8165584ddedb49204c4e18da083913bdf6a982bfb558632a79bdaadcdafd0d48", size = 244179 },
    { url = "https://files.pythonhosted.org/packages/bd/db/3c2bf49bdc9de76acf2491fc03130c4ffc51469ce2f6889d2640eb563d77/coverage-7.8.2-cp313-cp313-win32.whl", hash = "sha256:34759ee2c65362163699cc917bdb2a54114dd06d19bab860725f94ef45a3d9b7", size = 214393 },
    { url = "https://files.pythonhosted.org/packages/c6/dc/947e75d47ebbb4b02d8babb1fad4ad381410d5bc9da7cfca80b7565ef401/coverage-7.8.2-cp313-cp313-win_amd64.whl", hash = "sha256:2f9bc608fbafaee40eb60a9a53dbfb90f53cc66d3d32c2849dc27cf5638a21e3", size = 215194 },
    { url = "https://files.pythonhosted.org/packages/90/31/a980f7df8a37eaf0dc60f932507fda9656b3a03f0abf188474a0ea188d6d/coverage-7.8.2-cp313-cp313-win_arm64.whl", hash = "sha256:9fe449ee461a3b0c7105690419d0b0aba1232f4ff6d120a9e241e58a556733f7", size = 213580 },
    { url = "https://files.pythonhosted.org/packages/8a/6a/25a37dd90f6c95f59355629417ebcb74e1c34e38bb1eddf6ca9b38b0fc53/coverage-7.8.2-cp313-cp313t-macosx_10_13_x86_64.whl", hash = "sha256:8369a7c8ef66bded2b6484053749ff220dbf83cba84f3398c84c51a6f748a008", size = 212734 },
    { url = "https://files.pythonhosted.org/packages/36/8b/3a728b3118988725f40950931abb09cd7f43b3c740f4640a59f1db60e372/coverage-7.8.2-cp313-cp313t-macosx_11_0_arm64.whl", hash = "sha256:159b81df53a5fcbc7d45dae3adad554fdbde9829a994e15227b3f9d816d00b36", size = 212959 },
    { url = "https://files.pythonhosted.org/packages/53/3c/212d94e6add3a3c3f412d664aee452045ca17a066def8b9421673e9482c4/coverage-7.8.2-cp313-cp313t-manylinux_2_17_aarch64.manylinux2014_aarch64.whl", hash = "sha256:e6fcbbd35a96192d042c691c9e0c49ef54bd7ed865846a3c9d624c30bb67ce46", size = 257024 },
    { url = "https://files.pythonhosted.org/packages/a4/40/afc03f0883b1e51bbe804707aae62e29c4e8c8bbc365c75e3e4ddeee9ead/coverage-7.8.2-cp313-cp313t-manylinux_2_5_i686.manylinux1_i686.manylinux_2_17_i686.manylinux2014_i686.whl", hash = "sha256:05364b9cc82f138cc86128dc4e2e1251c2981a2218bfcd556fe6b0fbaa3501be", size = 252867 },
    { url = "https://files.pythonhosted.org/packages/18/a2/3699190e927b9439c6ded4998941a3c1d6fa99e14cb28d8536729537e307/coverage-7.8.2-cp313-cp313t-manylinux_2_5_x86_64.manylinux1_x86_64.manylinux_2_17_x86_64.manylinux2014_x86_64.whl", hash = "sha256:46d532db4e5ff3979ce47d18e2fe8ecad283eeb7367726da0e5ef88e4fe64740", size = 255096 },
    { url = "https://files.pythonhosted.org/packages/b4/06/16e3598b9466456b718eb3e789457d1a5b8bfb22e23b6e8bbc307df5daf0/coverage-7.8.2-cp313-cp313t-musllinux_1_2_aarch64.whl", hash = "sha256:4000a31c34932e7e4fa0381a3d6deb43dc0c8f458e3e7ea6502e6238e10be625", size = 256276 },
    { url = "https://files.pythonhosted.org/packages/a7/d5/4b5a120d5d0223050a53d2783c049c311eea1709fa9de12d1c358e18b707/coverage-7.8.2-cp313-cp313t-musllinux_1_2_i686.whl", hash = "sha256:43ff5033d657cd51f83015c3b7a443287250dc14e69910577c3e03bd2e06f27b", size = 254478 },
    { url = "https://files.pythonhosted.org/packages/ba/85/f9ecdb910ecdb282b121bfcaa32fa8ee8cbd7699f83330ee13ff9bbf1a85/coverage-7.8.2-cp313-cp313t-musllinux_1_2_x86_64.whl", hash = "sha256:94316e13f0981cbbba132c1f9f365cac1d26716aaac130866ca812006f662199", size = 255255 },
    { url = "https://files.pythonhosted.org/packages/50/63/2d624ac7d7ccd4ebbd3c6a9eba9d7fc4491a1226071360d59dd84928ccb2/coverage-7.8.2-cp313-cp313t-win32.whl", hash = "sha256:3f5673888d3676d0a745c3d0e16da338c5eea300cb1f4ada9c872981265e76d8", size = 215109 },
    { url = "https://files.pythonhosted.org/packages/22/5e/7053b71462e970e869111c1853afd642212568a350eba796deefdfbd0770/coverage-7.8.2-cp313-cp313t-win_amd64.whl", hash = "sha256:2c08b05ee8d7861e45dc5a2cc4195c8c66dca5ac613144eb6ebeaff2d502e73d", size = 216268 },
    { url = "https://files.pythonhosted.org/packages/07/69/afa41aa34147655543dbe96994f8a246daf94b361ccf5edfd5df62ce066a/coverage-7.8.2-cp313-cp313t-win_arm64.whl", hash = "sha256:1e1448bb72b387755e1ff3ef1268a06617afd94188164960dba8d0245a46004b", size = 214071 },
    { url = "https://files.pythonhosted.org/packages/a0/1a/0b9c32220ad694d66062f571cc5cedfa9997b64a591e8a500bb63de1bd40/coverage-7.8.2-py3-none-any.whl", hash = "sha256:726f32ee3713f7359696331a18daf0c3b3a70bb0ae71141b9d3c52be7c595e32", size = 203623 },
]

[[package]]
name = "hexlet-code"
version = "0.1.0"
source = { editable = "." }
dependencies = [
    { name = "pytest" },
    { name = "pytest-cov" },
    { name = "pyyaml" },
    { name = "ruff" },
]

[package.metadata]
requires-dist = [
    { name = "pytest", specifier = ">=8.3.5" },
    { name = "pytest-cov", specifier = ">=6.1.1" },
    { name = "pyyaml", specifier = ">=6.0.2" },
    { name = "ruff", specifier = "<=0.9.7" },
]

[[package]]
name = "iniconfig"
version = "2.1.0"
source = { registry = "https://pypi.org/simple" }
sdist = { url = "https://files.pythonhosted.org/packages/f2/97/ebf4da567aa6827c909642694d71c9fcf53e5b504f2d96afea02718862f3/iniconfig-2.1.0.tar.gz", hash = "sha256:3abbd2e30b36733fee78f9c7f7308f2d0050e88f0087fd25c2645f63c773e1c7", size = 4793 }
wheels = [
    { url = "https://files.pythonhosted.org/packages/2c/e1/e6716421ea10d38022b952c159d5161ca1193197fb744506875fbb87ea7b/iniconfig-2.1.0-py3-none-any.whl", hash = "sha256:9deba5723312380e77435581c6bf4935c94cbfab9b1ed33ef8d238ea168eb760", size = 6050 },
]

[[package]]
name = "packaging"
version = "25.0"
source = { registry = "https://pypi.org/simple" }
sdist = { url = "https://files.pythonhosted.org/packages/a1/d4/1fc4078c65507b51b96ca8f8c3ba19e6a61c8253c72794544580a7b6c24d/packaging-25.0.tar.gz", hash = "sha256:d443872c98d677bf60f6a1f2f8c1cb748e8fe762d2bf9d3148b5599295b0fc4f", size = 165727 }
wheels = [
    { url = "https://files.pythonhosted.org/packages/20/12/38679034af332785aac8774540895e234f4d07f7545804097de4b666afd8/packaging-25.0-py3-none-any.whl", hash = "sha256:29572ef2b1f17581046b3a2227d5c611fb25ec70ca1ba8554b24b0e69331a484", size = 66469 },
]

[[package]]
name = "pluggy"
version = "1.5.0"
source = { registry = "https://pypi.org/simple" }
sdist = { url = "https://files.pythonhosted.org/packages/96/2d/02d4312c973c6050a18b314a5ad0b3210edb65a906f868e31c111dede4a6/pluggy-1.5.0.tar.gz", hash = "sha256:2cffa88e94fdc978c4c574f15f9e59b7f4201d439195c3715ca9e2486f1d0cf1", size = 67955 }
wheels = [
    { url = "https://files.pythonhosted.org/packages/88/5f/e351af9a41f866ac3f1fac4ca0613908d9a41741cfcf2228f4ad853b697d/pluggy-1.5.0-py3-none-any.whl", hash = "sha256:44e1ad92c8ca002de6377e165f3e0f1be63266ab4d554740532335b9d75ea669", size = 20556 },
]

[[package]]
name = "pytest"
version = "8.3.5"
source = { registry = "https://pypi.org/simple" }
dependencies = [
    { name = "colorama", marker = "sys_platform == 'win32'" },
    { name = "iniconfig" },
    { name = "packaging" },
    { name = "pluggy" },
]
sdist = { url = "https://files.pythonhosted.org/packages/ae/3c/c9d525a414d506893f0cd8a8d0de7706446213181570cdbd766691164e40/pytest-8.3.5.tar.gz", hash = "sha256:f4efe70cc14e511565ac476b57c279e12a855b11f48f212af1080ef2263d3845", size = 1450891 }
wheels = [
    { url = "https://files.pythonhosted.org/packages/30/3d/64ad57c803f1fa1e963a7946b6e0fea4a70df53c1a7fed304586539c2bac/pytest-8.3.5-py3-none-any.whl", hash = "sha256:c69214aa47deac29fad6c2a4f590b9c4a9fdb16a403176fe154b79c0b4d4d820", size = 343634 },
]

[[package]]
name = "pytest-cov"
version = "6.1.1"
source = { registry = "https://pypi.org/simple" }
dependencies = [
    { name = "coverage" },
    { name = "pytest" },
]
sdist = { url = "https://files.pythonhosted.org/packages/25/69/5f1e57f6c5a39f81411b550027bf72842c4567ff5fd572bed1edc9e4b5d9/pytest_cov-6.1.1.tar.gz", hash = "sha256:46935f7aaefba760e716c2ebfbe1c216240b9592966e7da99ea8292d4d3e2a0a", size = 66857 }
wheels = [
    { url = "https://files.pythonhosted.org/packages/28/d0/def53b4a790cfb21483016430ed828f64830dd981ebe1089971cd10cab25/pytest_cov-6.1.1-py3-none-any.whl", hash = "sha256:bddf29ed2d0ab6f4df17b4c55b0a657287db8684af9c42ea546b21b1041b3dde", size = 23841 },
]

[[package]]
name = "pyyaml"
version = "6.0.2"
source = { registry = "https://pypi.org/simple" }
sdist = { url = "https://files.pythonhosted.org/packages/54/ed/79a089b6be93607fa5cdaedf301d7dfb23af5f25c398d5ead2525b063e17/pyyaml-6.0.2.tar.gz", hash = "sha256:d584d9ec91ad65861cc08d42e834324ef890a082e591037abe114850ff7bbc3e", size = 130631 }
wheels = [
    { url = "https://files.pythonhosted.org/packages/ef/e3/3af305b830494fa85d95f6d95ef7fa73f2ee1cc8ef5b495c7c3269fb835f/PyYAML-6.0.2-cp313-cp313-macosx_10_13_x86_64.whl", hash = "sha256:efdca5630322a10774e8e98e1af481aad470dd62c3170801852d752aa7a783ba", size = 181309 },
    { url = "https://files.pythonhosted.org/packages/45/9f/3b1c20a0b7a3200524eb0076cc027a970d320bd3a6592873c85c92a08731/PyYAML-6.0.2-cp313-cp313-macosx_11_0_arm64.whl", hash = "sha256:50187695423ffe49e2deacb8cd10510bc361faac997de9efef88badc3bb9e2d1", size = 171679 },
    { url = "https://files.pythonhosted.org/packages/7c/9a/337322f27005c33bcb656c655fa78325b730324c78620e8328ae28b64d0c/PyYAML-6.0.2-cp313-cp313-manylinux_2_17_aarch64.manylinux2014_aarch64.whl", hash = "sha256:0ffe8360bab4910ef1b9e87fb812d8bc0a308b0d0eef8c8f44e0254ab3b07133", size = 733428 },
    { url = "https://files.pythonhosted.org/packages/a3/69/864fbe19e6c18ea3cc196cbe5d392175b4cf3d5d0ac1403ec3f2d237ebb5/PyYAML-6.0.2-cp313-cp313-manylinux_2_17_s390x.manylinux2014_s390x.whl", hash = "sha256:17e311b6c678207928d649faa7cb0d7b4c26a0ba73d41e99c4fff6b6c3276484", size = 763361 },
    { url = "https://files.pythonhosted.org/packages/04/24/b7721e4845c2f162d26f50521b825fb061bc0a5afcf9a386840f23ea19fa/PyYAML-6.0.2-cp313-cp313-manylinux_2_17_x86_64.manylinux2014_x86_64.whl", hash = "sha256:70b189594dbe54f75ab3a1acec5f1e3faa7e8cf2f1e08d9b561cb41b845f69d5", size = 759523 },
    { url = "https://files.pythonhosted.org/packages/2b/b2/e3234f59ba06559c6ff63c4e10baea10e5e7df868092bf9ab40e5b9c56b6/PyYAML-6.0.2-cp313-cp313-musllinux_1_1_aarch64.whl", hash = "sha256:41e4e3953a79407c794916fa277a82531dd93aad34e29c2a514c2c0c5fe971cc", size = 726660 },
    { url = "https://files.pythonhosted.org/packages/fe/0f/25911a9f080464c59fab9027482f822b86bf0608957a5fcc6eaac85aa515/PyYAML-6.0.2-cp313-cp313-musllinux_1_1_x86_64.whl", hash = "sha256:68ccc6023a3400877818152ad9a1033e3db8625d899c72eacb5a668902e4d652", size = 751597 },
    { url = "https://files.pythonhosted.org/packages/14/0d/e2c3b43bbce3cf6bd97c840b46088a3031085179e596d4929729d8d68270/PyYAML-6.0.2-cp313-cp313-win32.whl", hash = "sha256:bc2fa7c6b47d6bc618dd7fb02ef6fdedb1090ec036abab80d4681424b84c1183", size = 140527 },
    { url = "https://files.pythonhosted.org/packages/fa/de/02b54f42487e3d3c6efb3f89428677074ca7bf43aae402517bc7cca949f3/PyYAML-6.0.2-cp313-cp313-win_amd64.whl", hash = "sha256:8388ee1976c416731879ac16da0aff3f63b286ffdd57cdeb95f3f2e085687563", size = 156446 },
]

[[package]]
name = "ruff"
version = "0.9.7"
source = { registry = "https://pypi.org/simple" }
sdist = { url = "https://files.pythonhosted.org/packages/39/8b/a86c300359861b186f18359adf4437ac8e4c52e42daa9eedc731ef9d5b53/ruff-0.9.7.tar.gz", hash = "sha256:643757633417907510157b206e490c3aa11cab0c087c912f60e07fbafa87a4c6", size = 3669813 }
wheels = [
    { url = "https://files.pythonhosted.org/packages/b1/f3/3a1d22973291226df4b4e2ff70196b926b6f910c488479adb0eeb42a0d7f/ruff-0.9.7-py3-none-linux_armv6l.whl", hash = "sha256:99d50def47305fe6f233eb8dabfd60047578ca87c9dcb235c9723ab1175180f4", size = 11774588 },
    { url = "https://files.pythonhosted.org/packages/8e/c9/b881f4157b9b884f2994fd08ee92ae3663fb24e34b0372ac3af999aa7fc6/ruff-0.9.7-py3-none-macosx_10_12_x86_64.whl", hash = "sha256:d59105ae9c44152c3d40a9c40d6331a7acd1cdf5ef404fbe31178a77b174ea66", size = 11746848 },
    { url = "https://files.pythonhosted.org/packages/14/89/2f546c133f73886ed50a3d449e6bf4af27d92d2f960a43a93d89353f0945/ruff-0.9.7-py3-none-macosx_11_0_arm64.whl", hash = "sha256:f313b5800483770bd540cddac7c90fc46f895f427b7820f18fe1822697f1fec9", size = 11177525 },
    { url = "https://files.pythonhosted.org/packages/d7/93/6b98f2c12bf28ab9def59c50c9c49508519c5b5cfecca6de871cf01237f6/ruff-0.9.7-py3-none-manylinux_2_17_aarch64.manylinux2014_aarch64.whl", hash = "sha256:042ae32b41343888f59c0a4148f103208bf6b21c90118d51dc93a68366f4e903", size = 11996580 },
    { url = "https://files.pythonhosted.org/packages/8e/3f/b3fcaf4f6d875e679ac2b71a72f6691a8128ea3cb7be07cbb249f477c061/ruff-0.9.7-py3-none-manylinux_2_17_armv7l.manylinux2014_armv7l.whl", hash = "sha256:87862589373b33cc484b10831004e5e5ec47dc10d2b41ba770e837d4f429d721", size = 11525674 },
    { url = "https://files.pythonhosted.org/packages/f0/48/33fbf18defb74d624535d5d22adcb09a64c9bbabfa755bc666189a6b2210/ruff-0.9.7-py3-none-manylinux_2_17_i686.manylinux2014_i686.whl", hash = "sha256:a17e1e01bee0926d351a1ee9bc15c445beae888f90069a6192a07a84af544b6b", size = 12739151 },
    { url = "https://files.pythonhosted.org/packages/63/b5/7e161080c5e19fa69495cbab7c00975ef8a90f3679caa6164921d7f52f4a/ruff-0.9.7-py3-none-manylinux_2_17_ppc64.manylinux2014_ppc64.whl", hash = "sha256:7c1f880ac5b2cbebd58b8ebde57069a374865c73f3bf41f05fe7a179c1c8ef22", size = 13416128 },
    { url = "https://files.pythonhosted.org/packages/4e/c8/b5e7d61fb1c1b26f271ac301ff6d9de5e4d9a9a63f67d732fa8f200f0c88/ruff-0.9.7-py3-none-manylinux_2_17_ppc64le.manylinux2014_ppc64le.whl", hash = "sha256:e63fc20143c291cab2841dbb8260e96bafbe1ba13fd3d60d28be2c71e312da49", size = 12870858 },
    { url = "https://files.pythonhosted.org/packages/da/cb/2a1a8e4e291a54d28259f8fc6a674cd5b8833e93852c7ef5de436d6ed729/ruff-0.9.7-py3-none-manylinux_2_17_s390x.manylinux2014_s390x.whl", hash = "sha256:91ff963baed3e9a6a4eba2a02f4ca8eaa6eba1cc0521aec0987da8d62f53cbef", size = 14786046 },
    { url = "https://files.pythonhosted.org/packages/ca/6c/c8f8a313be1943f333f376d79724260da5701426c0905762e3ddb389e3f4/ruff-0.9.7-py3-none-manylinux_2_17_x86_64.manylinux2014_x86_64.whl", hash = "sha256:88362e3227c82f63eaebf0b2eff5b88990280fb1ecf7105523883ba8c3aaf6fb", size = 12550834 },
    { url = "https://files.pythonhosted.org/packages/9d/ad/f70cf5e8e7c52a25e166bdc84c082163c9c6f82a073f654c321b4dff9660/ruff-0.9.7-py3-none-musllinux_1_2_aarch64.whl", hash = "sha256:0372c5a90349f00212270421fe91874b866fd3626eb3b397ede06cd385f6f7e0", size = 11961307 },
    { url = "https://files.pythonhosted.org/packages/52/d5/4f303ea94a5f4f454daf4d02671b1fbfe2a318b5fcd009f957466f936c50/ruff-0.9.7-py3-none-musllinux_1_2_armv7l.whl", hash = "sha256:d76b8ab60e99e6424cd9d3d923274a1324aefce04f8ea537136b8398bbae0a62", size = 11612039 },
    { url = "https://files.pythonhosted.org/packages/eb/c8/bd12a23a75603c704ce86723be0648ba3d4ecc2af07eecd2e9fa112f7e19/ruff-0.9.7-py3-none-musllinux_1_2_i686.whl", hash = "sha256:0c439bdfc8983e1336577f00e09a4e7a78944fe01e4ea7fe616d00c3ec69a3d0", size = 12168177 },
    { url = "https://files.pythonhosted.org/packages/cc/57/d648d4f73400fef047d62d464d1a14591f2e6b3d4a15e93e23a53c20705d/ruff-0.9.7-py3-none-musllinux_1_2_x86_64.whl", hash = "sha256:115d1f15e8fdd445a7b4dc9a30abae22de3f6bcabeb503964904471691ef7606", size = 12610122 },
    { url = "https://files.pythonhosted.org/packages/49/79/acbc1edd03ac0e2a04ae2593555dbc9990b34090a9729a0c4c0cf20fb595/ruff-0.9.7-py3-none-win32.whl", hash = "sha256:e9ece95b7de5923cbf38893f066ed2872be2f2f477ba94f826c8defdd6ec6b7d", size = 9988751 },
    { url = "https://files.pythonhosted.org/packages/6d/95/67153a838c6b6ba7a2401241fd8a00cd8c627a8e4a0491b8d853dedeffe0/ruff-0.9.7-py3-none-win_amd64.whl", hash = "sha256:3770fe52b9d691a15f0b87ada29c45324b2ace8f01200fb0c14845e499eb0c2c", size = 11002987 },
    { url = "https://files.pythonhosted.org/packages/63/6a/aca01554949f3a401991dc32fe22837baeaccb8a0d868256cbb26a029778/ruff-0.9.7-py3-none-win_arm64.whl", hash = "sha256:b075a700b2533feb7a01130ff656a4ec0d5f340bb540ad98759b8401c32c2037", size = 10177763 },
]
